
Microsoft Visual Studio Solution File, Format Version 12.00
# Visual Studio Version 17
VisualStudioVersion = 17.1.32414.318
MinimumVisualStudioVersion = 10.0.40219.1
Project("{FAE04EC0-301F-11D3-BF4B-00C04F79EFBC}") = "Adventcode9", "Adventcode9\Adventcode9.csproj", "{203699B7-5AED-40DB-973E-80A97B8EB41C}"
EndProject
Global
	GlobalSection(SolutionConfigurationPlatforms) = preSolution
		Debug|Any CPU = Debug|Any CPU
		Release|Any CPU = Release|Any CPU
	EndGlobalSection
	GlobalSection(ProjectConfigurationPlatforms) = postSolution
		{203699B7-5AED-40DB-973E-80A97B8EB41C}.Debug|Any CPU.ActiveCfg = Debug|Any CPU
		{203699B7-5AED-40DB-973E-80A97B8EB41C}.Debug|Any CPU.Build.0 = Debug|Any CPU
		{203699B7-5AED-40DB-973E-80A97B8EB41C}.Release|Any CPU.ActiveCfg = Release|Any CPU
		{203699B7-5AED-40DB-973E-80A97B8EB41C}.Release|Any CPU.Build.0 = Release|Any CPU
	EndGlobalSection
	GlobalSection(SolutionProperties) = preSolution
		HideSolutionNode = FALSE
	EndGlobalSection
	GlobalSection(ExtensibilityGlobals) = postSolution
		SolutionGuid = {64B57FF9-0D1E-4277-B77E-D32018B847C8}
	EndGlobalSection
EndGlobal
