
Microsoft Visual Studio Solution File, Format Version 12.00
# Visual Studio Version 17
VisualStudioVersion = 17.1.32414.318
MinimumVisualStudioVersion = 10.0.40219.1
Project("{FAE04EC0-301F-11D3-BF4B-00C04F79EFBC}") = "Adventcode4", "Adventcode4\Adventcode4.csproj", "{B97F099D-F6A6-467D-A000-1BB0578400DF}"
EndProject
Global
	GlobalSection(SolutionConfigurationPlatforms) = preSolution
		Debug|Any CPU = Debug|Any CPU
		Release|Any CPU = Release|Any CPU
	EndGlobalSection
	GlobalSection(ProjectConfigurationPlatforms) = postSolution
		{B97F099D-F6A6-467D-A000-1BB0578400DF}.Debug|Any CPU.ActiveCfg = Debug|Any CPU
		{B97F099D-F6A6-467D-A000-1BB0578400DF}.Debug|Any CPU.Build.0 = Debug|Any CPU
		{B97F099D-F6A6-467D-A000-1BB0578400DF}.Release|Any CPU.ActiveCfg = Release|Any CPU
		{B97F099D-F6A6-467D-A000-1BB0578400DF}.Release|Any CPU.Build.0 = Release|Any CPU
	EndGlobalSection
	GlobalSection(SolutionProperties) = preSolution
		HideSolutionNode = FALSE
	EndGlobalSection
	GlobalSection(ExtensibilityGlobals) = postSolution
		SolutionGuid = {DFF6BFC4-EBE6-4307-839D-01D9C78415DC}
	EndGlobalSection
EndGlobal
