
Microsoft Visual Studio Solution File, Format Version 12.00
# Visual Studio Version 17
VisualStudioVersion = 17.1.32414.318
MinimumVisualStudioVersion = 10.0.40219.1
Project("{FAE04EC0-301F-11D3-BF4B-00C04F79EFBC}") = "Adventcode10", "Adventcode10\Adventcode10.csproj", "{CD00C638-9D8F-4521-8FC0-27217A193F82}"
EndProject
Global
	GlobalSection(SolutionConfigurationPlatforms) = preSolution
		Debug|Any CPU = Debug|Any CPU
		Release|Any CPU = Release|Any CPU
	EndGlobalSection
	GlobalSection(ProjectConfigurationPlatforms) = postSolution
		{CD00C638-9D8F-4521-8FC0-27217A193F82}.Debug|Any CPU.ActiveCfg = Debug|Any CPU
		{CD00C638-9D8F-4521-8FC0-27217A193F82}.Debug|Any CPU.Build.0 = Debug|Any CPU
		{CD00C638-9D8F-4521-8FC0-27217A193F82}.Release|Any CPU.ActiveCfg = Release|Any CPU
		{CD00C638-9D8F-4521-8FC0-27217A193F82}.Release|Any CPU.Build.0 = Release|Any CPU
	EndGlobalSection
	GlobalSection(SolutionProperties) = preSolution
		HideSolutionNode = FALSE
	EndGlobalSection
	GlobalSection(ExtensibilityGlobals) = postSolution
		SolutionGuid = {43BE83FC-FD4D-4C96-A922-86F7DDBEECED}
	EndGlobalSection
EndGlobal
